
Microsoft Visual Studio Solution File, Format Version 12.00
# Visual Studio Version 17
VisualStudioVersion = 17.7.34031.279
MinimumVisualStudioVersion = 10.0.40219.1
Project("{FAE04EC0-301F-11D3-BF4B-00C04F79EFBC}") = "EMolod_Advance_HomeWork_6.2", "EMolod_Advance_HomeWork_6.2\EMolod_Advance_HomeWork_6.2.csproj", "{946541D9-5219-4671-ADDC-FE5A6CC64262}"
EndProject
Global
	GlobalSection(SolutionConfigurationPlatforms) = preSolution
		Debug|Any CPU = Debug|Any CPU
		Release|Any CPU = Release|Any CPU
	EndGlobalSection
	GlobalSection(ProjectConfigurationPlatforms) = postSolution
		{946541D9-5219-4671-ADDC-FE5A6CC64262}.Debug|Any CPU.ActiveCfg = Debug|Any CPU
		{946541D9-5219-4671-ADDC-FE5A6CC64262}.Debug|Any CPU.Build.0 = Debug|Any CPU
		{946541D9-5219-4671-ADDC-FE5A6CC64262}.Release|Any CPU.ActiveCfg = Release|Any CPU
		{946541D9-5219-4671-ADDC-FE5A6CC64262}.Release|Any CPU.Build.0 = Release|Any CPU
	EndGlobalSection
	GlobalSection(SolutionProperties) = preSolution
		HideSolutionNode = FALSE
	EndGlobalSection
	GlobalSection(ExtensibilityGlobals) = postSolution
		SolutionGuid = {AD6629E4-44C8-4DD9-93A9-7B965365ED25}
	EndGlobalSection
EndGlobal
